// !$*UTF8*$!
{
	archiveVersion = 1;
	classes = {
	};
	objectVersion = 46;
	objects = {

/* Begin PBXBuildFile section */
		1BDF0A751D8141C2003BF72A /* Main.storyboard in Resources */ = {isa = PBXBuildFile; fileRef = 1BDF0A731D8141C2003BF72A /* Main.storyboard */; };
		1BDF0A771D8141C2003BF72A /* Assets.xcassets in Resources */ = {isa = PBXBuildFile; fileRef = 1BDF0A761D8141C2003BF72A /* Assets.xcassets */; };
		1BDF0A7A1D8141C2003BF72A /* LaunchScreen.storyboard in Resources */ = {isa = PBXBuildFile; fileRef = 1BDF0A781D8141C2003BF72A /* LaunchScreen.storyboard */; };
		1BDF0A891D814760003BF72A /* Alamofire.framework in Frameworks */ = {isa = PBXBuildFile; fileRef = 1BDF0A881D814760003BF72A /* Alamofire.framework */; };
		1BDF0A8A1D814760003BF72A /* Alamofire.framework in Embed Frameworks */ = {isa = PBXBuildFile; fileRef = 1BDF0A881D814760003BF72A /* Alamofire.framework */; settings = {ATTRIBUTES = (CodeSignOnCopy, RemoveHeadersOnCopy, ); }; };
		1BDF0AB11D819A83003BF72A /* AppDelegate.swift in Sources */ = {isa = PBXBuildFile; fileRef = 1BDF0AA21D819A83003BF72A /* AppDelegate.swift */; };
		1BDF0AB21D819A83003BF72A /* ViewController.swift in Sources */ = {isa = PBXBuildFile; fileRef = 1BDF0AA31D819A83003BF72A /* ViewController.swift */; };
		1BDF0AB31D819A83003BF72A /* WebViewController.swift in Sources */ = {isa = PBXBuildFile; fileRef = 1BDF0AA41D819A83003BF72A /* WebViewController.swift */; };
		1BDF0AB41D819A83003BF72A /* JSONAbleType.swift in Sources */ = {isa = PBXBuildFile; fileRef = 1BDF0AA61D819A83003BF72A /* JSONAbleType.swift */; };
		1BDF0AB51D819A83003BF72A /* Repos.swift in Sources */ = {isa = PBXBuildFile; fileRef = 1BDF0AA71D819A83003BF72A /* Repos.swift */; };
		1BDF0AB61D819A83003BF72A /* APIClient.swift in Sources */ = {isa = PBXBuildFile; fileRef = 1BDF0AA91D819A83003BF72A /* APIClient.swift */; };
		1BDF0AB71D819A83003BF72A /* EndPoint.swift in Sources */ = {isa = PBXBuildFile; fileRef = 1BDF0AAA1D819A83003BF72A /* EndPoint.swift */; };
		1BDF0AB81D819A83003BF72A /* Result.swift in Sources */ = {isa = PBXBuildFile; fileRef = 1BDF0AAB1D819A83003BF72A /* Result.swift */; };
		1BDF0AB91D819A83003BF72A /* TargetType.swift in Sources */ = {isa = PBXBuildFile; fileRef = 1BDF0AAC1D819A83003BF72A /* TargetType.swift */; };
		1BDF0ABA1D819A83003BF72A /* LoadMoreTableViewCell.swift in Sources */ = {isa = PBXBuildFile; fileRef = 1BDF0AAE1D819A83003BF72A /* LoadMoreTableViewCell.swift */; };
		1BDF0ABB1D819A83003BF72A /* LoadMoreTableViewCell.xib in Resources */ = {isa = PBXBuildFile; fileRef = 1BDF0AAF1D819A83003BF72A /* LoadMoreTableViewCell.xib */; };
		1BDF0ABC1D819A83003BF72A /* RepoTableViewCell.swift in Sources */ = {isa = PBXBuildFile; fileRef = 1BDF0AB01D819A83003BF72A /* RepoTableViewCell.swift */; };
/* End PBXBuildFile section */

/* Begin PBXCopyFilesBuildPhase section */
		1BDF0A8B1D814760003BF72A /* Embed Frameworks */ = {
			isa = PBXCopyFilesBuildPhase;
			buildActionMask = 2147483647;
			dstPath = "";
			dstSubfolderSpec = 10;
			files = (
				1BDF0A8A1D814760003BF72A /* Alamofire.framework in Embed Frameworks */,
			);
			name = "Embed Frameworks";
			runOnlyForDeploymentPostprocessing = 0;
		};
/* End PBXCopyFilesBuildPhase section */

/* Begin PBXFileReference section */
		1BDF0A6C1D8141C2003BF72A /* Networking.app */ = {isa = PBXFileReference; explicitFileType = wrapper.application; includeInIndex = 0; path = Networking.app; sourceTree = BUILT_PRODUCTS_DIR; };
		1BDF0A741D8141C2003BF72A /* Base */ = {isa = PBXFileReference; lastKnownFileType = file.storyboard; name = Base; path = Base.lproj/Main.storyboard; sourceTree = "<group>"; };
		1BDF0A761D8141C2003BF72A /* Assets.xcassets */ = {isa = PBXFileReference; lastKnownFileType = folder.assetcatalog; name = Assets.xcassets; path = Networking/Assets.xcassets; sourceTree = "<group>"; };
		1BDF0A791D8141C2003BF72A /* Base */ = {isa = PBXFileReference; lastKnownFileType = file.storyboard; name = Base; path = Base.lproj/LaunchScreen.storyboard; sourceTree = "<group>"; };
		1BDF0A7B1D8141C2003BF72A /* Info.plist */ = {isa = PBXFileReference; lastKnownFileType = text.plist.xml; name = Info.plist; path = Networking/Info.plist; sourceTree = "<group>"; };
		1BDF0A881D814760003BF72A /* Alamofire.framework */ = {isa = PBXFileReference; lastKnownFileType = wrapper.framework; name = Alamofire.framework; path = Alamofire/Alamofire.framework; sourceTree = "<group>"; };
		1BDF0AA21D819A83003BF72A /* AppDelegate.swift */ = {isa = PBXFileReference; fileEncoding = 4; lastKnownFileType = sourcecode.swift; path = AppDelegate.swift; sourceTree = "<group>"; };
		1BDF0AA31D819A83003BF72A /* ViewController.swift */ = {isa = PBXFileReference; fileEncoding = 4; lastKnownFileType = sourcecode.swift; path = ViewController.swift; sourceTree = "<group>"; };
		1BDF0AA41D819A83003BF72A /* WebViewController.swift */ = {isa = PBXFileReference; fileEncoding = 4; lastKnownFileType = sourcecode.swift; path = WebViewController.swift; sourceTree = "<group>"; };
		1BDF0AA61D819A83003BF72A /* JSONAbleType.swift */ = {isa = PBXFileReference; fileEncoding = 4; lastKnownFileType = sourcecode.swift; path = JSONAbleType.swift; sourceTree = "<group>"; };
		1BDF0AA71D819A83003BF72A /* Repos.swift */ = {isa = PBXFileReference; fileEncoding = 4; lastKnownFileType = sourcecode.swift; path = Repos.swift; sourceTree = "<group>"; };
		1BDF0AA91D819A83003BF72A /* APIClient.swift */ = {isa = PBXFileReference; fileEncoding = 4; lastKnownFileType = sourcecode.swift; path = APIClient.swift; sourceTree = "<group>"; };
		1BDF0AAA1D819A83003BF72A /* EndPoint.swift */ = {isa = PBXFileReference; fileEncoding = 4; lastKnownFileType = sourcecode.swift; path = EndPoint.swift; sourceTree = "<group>"; };
		1BDF0AAB1D819A83003BF72A /* Result.swift */ = {isa = PBXFileReference; fileEncoding = 4; lastKnownFileType = sourcecode.swift; path = Result.swift; sourceTree = "<group>"; };
		1BDF0AAC1D819A83003BF72A /* TargetType.swift */ = {isa = PBXFileReference; fileEncoding = 4; lastKnownFileType = sourcecode.swift; path = TargetType.swift; sourceTree = "<group>"; };
		1BDF0AAE1D819A83003BF72A /* LoadMoreTableViewCell.swift */ = {isa = PBXFileReference; fileEncoding = 4; lastKnownFileType = sourcecode.swift; path = LoadMoreTableViewCell.swift; sourceTree = "<group>"; };
		1BDF0AAF1D819A83003BF72A /* LoadMoreTableViewCell.xib */ = {isa = PBXFileReference; fileEncoding = 4; lastKnownFileType = file.xib; path = LoadMoreTableViewCell.xib; sourceTree = "<group>"; };
		1BDF0AB01D819A83003BF72A /* RepoTableViewCell.swift */ = {isa = PBXFileReference; fileEncoding = 4; lastKnownFileType = sourcecode.swift; path = RepoTableViewCell.swift; sourceTree = "<group>"; };
/* End PBXFileReference section */

/* Begin PBXFrameworksBuildPhase section */
		1BDF0A691D8141C2003BF72A /* Frameworks */ = {
			isa = PBXFrameworksBuildPhase;
			buildActionMask = 2147483647;
			files = (
				1BDF0A891D814760003BF72A /* Alamofire.framework in Frameworks */,
			);
			runOnlyForDeploymentPostprocessing = 0;
		};
/* End PBXFrameworksBuildPhase section */

/* Begin PBXGroup section */
		1BDF0A631D8141C2003BF72A = {
			isa = PBXGroup;
			children = (
				1BDF0A761D8141C2003BF72A /* Assets.xcassets */,
				1BDF0A6E1D8141C2003BF72A /* Networking */,
				1BDF0AA01D8196F5003BF72A /* Support Files */,
				1BDF0A6D1D8141C2003BF72A /* Products */,
			);
			sourceTree = "<group>";
		};
		1BDF0A6D1D8141C2003BF72A /* Products */ = {
			isa = PBXGroup;
			children = (
				1BDF0A6C1D8141C2003BF72A /* Networking.app */,
			);
			name = Products;
			sourceTree = "<group>";
		};
		1BDF0A6E1D8141C2003BF72A /* Networking */ = {
			isa = PBXGroup;
			children = (
				1BDF0AA11D819A83003BF72A /* Application */,
				1BDF0AA51D819A83003BF72A /* Models */,
				1BDF0AA81D819A83003BF72A /* Network */,
				1BDF0AAD1D819A83003BF72A /* Views */,
				1BDF0A731D8141C2003BF72A /* Main.storyboard */,
			);
			path = Networking;
			sourceTree = "<group>";
		};
		1BDF0AA01D8196F5003BF72A /* Support Files */ = {
			isa = PBXGroup;
			children = (
				1BDF0A7B1D8141C2003BF72A /* Info.plist */,
				1BDF0A781D8141C2003BF72A /* LaunchScreen.storyboard */,
				1BDF0A881D814760003BF72A /* Alamofire.framework */,
			);
			name = "Support Files";
			sourceTree = "<group>";
		};
		1BDF0AA11D819A83003BF72A /* Application */ = {
			isa = PBXGroup;
			children = (
				1BDF0AA21D819A83003BF72A /* AppDelegate.swift */,
				1BDF0AA31D819A83003BF72A /* ViewController.swift */,
				1BDF0AA41D819A83003BF72A /* WebViewController.swift */,
			);
			path = Application;
			sourceTree = "<group>";
		};
		1BDF0AA51D819A83003BF72A /* Models */ = {
			isa = PBXGroup;
			children = (
				1BDF0AA61D819A83003BF72A /* JSONAbleType.swift */,
				1BDF0AA71D819A83003BF72A /* Repos.swift */,
			);
			path = Models;
			sourceTree = "<group>";
		};
		1BDF0AA81D819A83003BF72A /* Network */ = {
			isa = PBXGroup;
			children = (
				1BDF0AA91D819A83003BF72A /* APIClient.swift */,
				1BDF0AAA1D819A83003BF72A /* EndPoint.swift */,
				1BDF0AAB1D819A83003BF72A /* Result.swift */,
				1BDF0AAC1D819A83003BF72A /* TargetType.swift */,
			);
			path = Network;
			sourceTree = "<group>";
		};
		1BDF0AAD1D819A83003BF72A /* Views */ = {
			isa = PBXGroup;
			children = (
				1BDF0AAE1D819A83003BF72A /* LoadMoreTableViewCell.swift */,
				1BDF0AAF1D819A83003BF72A /* LoadMoreTableViewCell.xib */,
				1BDF0AB01D819A83003BF72A /* RepoTableViewCell.swift */,
			);
			path = Views;
			sourceTree = "<group>";
		};
/* End PBXGroup section */

/* Begin PBXNativeTarget section */
		1BDF0A6B1D8141C2003BF72A /* Networking */ = {
			isa = PBXNativeTarget;
			buildConfigurationList = 1BDF0A7E1D8141C2003BF72A /* Build configuration list for PBXNativeTarget "Networking" */;
			buildPhases = (
				1BDF0A681D8141C2003BF72A /* Sources */,
				1BDF0A691D8141C2003BF72A /* Frameworks */,
				1BDF0A6A1D8141C2003BF72A /* Resources */,
				1BDF0A811D8141DD003BF72A /* ShellScript */,
				1BDF0A8B1D814760003BF72A /* Embed Frameworks */,
			);
			buildRules = (
			);
			dependencies = (
			);
			name = Networking;
			productName = Networking;
			productReference = 1BDF0A6C1D8141C2003BF72A /* Networking.app */;
			productType = "com.apple.product-type.application";
		};
/* End PBXNativeTarget section */

/* Begin PBXProject section */
		1BDF0A641D8141C2003BF72A /* Project object */ = {
			isa = PBXProject;
			attributes = {
				LastSwiftUpdateCheck = 0730;
				LastUpgradeCheck = 0730;
				ORGANIZATIONNAME = race;
				TargetAttributes = {
					1BDF0A6B1D8141C2003BF72A = {
						CreatedOnToolsVersion = 7.3.1;
					};
				};
			};
			buildConfigurationList = 1BDF0A671D8141C2003BF72A /* Build configuration list for PBXProject "Networking" */;
			compatibilityVersion = "Xcode 3.2";
			developmentRegion = English;
			hasScannedForEncodings = 0;
			knownRegions = (
				en,
				Base,
			);
			mainGroup = 1BDF0A631D8141C2003BF72A;
			productRefGroup = 1BDF0A6D1D8141C2003BF72A /* Products */;
			projectDirPath = "";
			projectRoot = "";
			targets = (
				1BDF0A6B1D8141C2003BF72A /* Networking */,
			);
		};
/* End PBXProject section */

/* Begin PBXResourcesBuildPhase section */
		1BDF0A6A1D8141C2003BF72A /* Resources */ = {
			isa = PBXResourcesBuildPhase;
			buildActionMask = 2147483647;
			files = (
				1BDF0ABB1D819A83003BF72A /* LoadMoreTableViewCell.xib in Resources */,
				1BDF0A7A1D8141C2003BF72A /* LaunchScreen.storyboard in Resources */,
				1BDF0A771D8141C2003BF72A /* Assets.xcassets in Resources */,
				1BDF0A751D8141C2003BF72A /* Main.storyboard in Resources */,
			);
			runOnlyForDeploymentPostprocessing = 0;
		};
/* End PBXResourcesBuildPhase section */

/* Begin PBXShellScriptBuildPhase section */
		1BDF0A811D8141DD003BF72A /* ShellScript */ = {
			isa = PBXShellScriptBuildPhase;
			buildActionMask = 2147483647;
			files = (
			);
			inputPaths = (
				"$(SRCROOT)/Alamofire/Alamofire.framework",
			);
			outputPaths = (
			);
			runOnlyForDeploymentPostprocessing = 0;
			shellPath = /bin/sh;
			shellScript = "/usr/local/bin/carthage copy-frameworks";
		};
/* End PBXShellScriptBuildPhase section */

/* Begin PBXSourcesBuildPhase section */
		1BDF0A681D8141C2003BF72A /* Sources */ = {
			isa = PBXSourcesBuildPhase;
			buildActionMask = 2147483647;
			files = (
				1BDF0AB51D819A83003BF72A /* Repos.swift in Sources */,
				1BDF0AB21D819A83003BF72A /* ViewController.swift in Sources */,
				1BDF0ABA1D819A83003BF72A /* LoadMoreTableViewCell.swift in Sources */,
				1BDF0AB41D819A83003BF72A /* JSONAbleType.swift in Sources */,
				1BDF0ABC1D819A83003BF72A /* RepoTableViewCell.swift in Sources */,
				1BDF0AB91D819A83003BF72A /* TargetType.swift in Sources */,
				1BDF0AB31D819A83003BF72A /* WebViewController.swift in Sources */,
				1BDF0AB11D819A83003BF72A /* AppDelegate.swift in Sources */,
				1BDF0AB71D819A83003BF72A /* EndPoint.swift in Sources */,
				1BDF0AB81D819A83003BF72A /* Result.swift in Sources */,
				1BDF0AB61D819A83003BF72A /* APIClient.swift in Sources */,
			);
			runOnlyForDeploymentPostprocessing = 0;
		};
/* End PBXSourcesBuildPhase section */

/* Begin PBXVariantGroup section */
		1BDF0A731D8141C2003BF72A /* Main.storyboard */ = {
			isa = PBXVariantGroup;
			children = (
				1BDF0A741D8141C2003BF72A /* Base */,
			);
			name = Main.storyboard;
			sourceTree = "<group>";
		};
		1BDF0A781D8141C2003BF72A /* LaunchScreen.storyboard */ = {
			isa = PBXVariantGroup;
			children = (
				1BDF0A791D8141C2003BF72A /* Base */,
			);
			name = LaunchScreen.storyboard;
			path = Networking;
			sourceTree = "<group>";
		};
/* End PBXVariantGroup section */

/* Begin XCBuildConfiguration section */
		1BDF0A7C1D8141C2003BF72A /* Debug */ = {
			isa = XCBuildConfiguration;
			buildSettings = {
				ALWAYS_SEARCH_USER_PATHS = NO;
				CLANG_ANALYZER_NONNULL = YES;
				CLANG_CXX_LANGUAGE_STANDARD = "gnu++0x";
				CLANG_CXX_LIBRARY = "libc++";
				CLANG_ENABLE_MODULES = YES;
				CLANG_ENABLE_OBJC_ARC = YES;
				CLANG_WARN_BOOL_CONVERSION = YES;
				CLANG_WARN_CONSTANT_CONVERSION = YES;
				CLANG_WARN_DIRECT_OBJC_ISA_USAGE = YES_ERROR;
				CLANG_WARN_EMPTY_BODY = YES;
				CLANG_WARN_ENUM_CONVERSION = YES;
				CLANG_WARN_INT_CONVERSION = YES;
				CLANG_WARN_OBJC_ROOT_CLASS = YES_ERROR;
				CLANG_WARN_UNREACHABLE_CODE = YES;
				CLANG_WARN__DUPLICATE_METHOD_MATCH = YES;
				"CODE_SIGN_IDENTITY[sdk=iphoneos*]" = "iPhone Developer";
				COPY_PHASE_STRIP = NO;
				DEBUG_INFORMATION_FORMAT = dwarf;
				ENABLE_STRICT_OBJC_MSGSEND = YES;
				ENABLE_TESTABILITY = YES;
				GCC_C_LANGUAGE_STANDARD = gnu99;
				GCC_DYNAMIC_NO_PIC = NO;
				GCC_NO_COMMON_BLOCKS = YES;
				GCC_OPTIMIZATION_LEVEL = 0;
				GCC_PREPROCESSOR_DEFINITIONS = (
					"DEBUG=1",
					"$(inherited)",
				);
				GCC_WARN_64_TO_32_BIT_CONVERSION = YES;
				GCC_WARN_ABOUT_RETURN_TYPE = YES_ERROR;
				GCC_WARN_UNDECLARED_SELECTOR = YES;
				GCC_WARN_UNINITIALIZED_AUTOS = YES_AGGRESSIVE;
				GCC_WARN_UNUSED_FUNCTION = YES;
				GCC_WARN_UNUSED_VARIABLE = YES;
				IPHONEOS_DEPLOYMENT_TARGET = 9.3;
				MTL_ENABLE_DEBUG_INFO = YES;
				ONLY_ACTIVE_ARCH = YES;
				SDKROOT = iphoneos;
				SWIFT_OPTIMIZATION_LEVEL = "-Onone";
				TARGETED_DEVICE_FAMILY = "1,2";
			};
			name = Debug;
		};
		1BDF0A7D1D8141C2003BF72A /* Release */ = {
			isa = XCBuildConfiguration;
			buildSettings = {
				ALWAYS_SEARCH_USER_PATHS = NO;
				CLANG_ANALYZER_NONNULL = YES;
				CLANG_CXX_LANGUAGE_STANDARD = "gnu++0x";
				CLANG_CXX_LIBRARY = "libc++";
				CLANG_ENABLE_MODULES = YES;
				CLANG_ENABLE_OBJC_ARC = YES;
				CLANG_WARN_BOOL_CONVERSION = YES;
				CLANG_WARN_CONSTANT_CONVERSION = YES;
				CLANG_WARN_DIRECT_OBJC_ISA_USAGE = YES_ERROR;
				CLANG_WARN_EMPTY_BODY = YES;
				CLANG_WARN_ENUM_CONVERSION = YES;
				CLANG_WARN_INT_CONVERSION = YES;
				CLANG_WARN_OBJC_ROOT_CLASS = YES_ERROR;
				CLANG_WARN_UNREACHABLE_CODE = YES;
				CLANG_WARN__DUPLICATE_METHOD_MATCH = YES;
				"CODE_SIGN_IDENTITY[sdk=iphoneos*]" = "iPhone Developer";
				COPY_PHASE_STRIP = NO;
				DEBUG_INFORMATION_FORMAT = "dwarf-with-dsym";
				ENABLE_NS_ASSERTIONS = NO;
				ENABLE_STRICT_OBJC_MSGSEND = YES;
				GCC_C_LANGUAGE_STANDARD = gnu99;
				GCC_NO_COMMON_BLOCKS = YES;
				GCC_WARN_64_TO_32_BIT_CONVERSION = YES;
				GCC_WARN_ABOUT_RETURN_TYPE = YES_ERROR;
				GCC_WARN_UNDECLARED_SELECTOR = YES;
				GCC_WARN_UNINITIALIZED_AUTOS = YES_AGGRESSIVE;
				GCC_WARN_UNUSED_FUNCTION = YES;
				GCC_WARN_UNUSED_VARIABLE = YES;
				IPHONEOS_DEPLOYMENT_TARGET = 9.3;
				MTL_ENABLE_DEBUG_INFO = NO;
				SDKROOT = iphoneos;
				TARGETED_DEVICE_FAMILY = "1,2";
				VALIDATE_PRODUCT = YES;
			};
			name = Release;
		};
		1BDF0A7F1D8141C2003BF72A /* Debug */ = {
			isa = XCBuildConfiguration;
			buildSettings = {
				ASSETCATALOG_COMPILER_APPICON_NAME = AppIcon;
				FRAMEWORK_SEARCH_PATHS = (
					"$(inherited)",
					"$(PROJECT_DIR)/Alamofire",
				);
				INFOPLIST_FILE = Networking/Info.plist;
				LD_RUNPATH_SEARCH_PATHS = "$(inherited) @executable_path/Frameworks";
				PRODUCT_BUNDLE_IDENTIFIER = com.racechao.Networking;
				PRODUCT_NAME = "$(TARGET_NAME)";
			};
			name = Debug;
		};
		1BDF0A801D8141C2003BF72A /* Release */ = {
			isa = XCBuildConfiguration;
			buildSettings = {
				ASSETCATALOG_COMPILER_APPICON_NAME = AppIcon;
				FRAMEWORK_SEARCH_PATHS = (
					"$(inherited)",
					"$(PROJECT_DIR)/Alamofire",
				);
				INFOPLIST_FILE = Networking/Info.plist;
				LD_RUNPATH_SEARCH_PATHS = "$(inherited) @executable_path/Frameworks";
				PRODUCT_BUNDLE_IDENTIFIER = com.racechao.Networking;
				PRODUCT_NAME = "$(TARGET_NAME)";
			};
			name = Release;
		};
/* End XCBuildConfiguration section */

/* Begin XCConfigurationList section */
		1BDF0A671D8141C2003BF72A /* Build configuration list for PBXProject "Networking" */ = {
			isa = XCConfigurationList;
			buildConfigurations = (
				1BDF0A7C1D8141C2003BF72A /* Debug */,
				1BDF0A7D1D8141C2003BF72A /* Release */,
			);
			defaultConfigurationIsVisible = 0;
			defaultConfigurationName = Release;
		};
		1BDF0A7E1D8141C2003BF72A /* Build configuration list for PBXNativeTarget "Networking" */ = {
			isa = XCConfigurationList;
			buildConfigurations = (
				1BDF0A7F1D8141C2003BF72A /* Debug */,
				1BDF0A801D8141C2003BF72A /* Release */,
			);
			defaultConfigurationIsVisible = 0;
		};
/* End XCConfigurationList section */
	};
	rootObject = 1BDF0A641D8141C2003BF72A /* Project object */;
}
